
Microsoft Visual Studio Solution File, Format Version 12.00
# Visual Studio Version 17
VisualStudioVersion = 17.10.35122.118
MinimumVisualStudioVersion = 10.0.40219.1
Project("{FAE04EC0-301F-11D3-BF4B-00C04F79EFBC}") = "PTCGApp.Server", "PTCGApp.Server\PTCGApp.Server.csproj", "{E1116A6F-2A18-4ACD-8F7A-58216A594374}"
EndProject
Project("{54A90642-561A-4BB1-A94E-469ADEE60C69}") = "ptcgapp.client", "ptcgapp.client\ptcgapp.client.esproj", "{93D0AD51-82EC-4645-A43D-82E541D29D29}"
EndProject
Global
	GlobalSection(SolutionConfigurationPlatforms) = preSolution
		Debug|Any CPU = Debug|Any CPU
		Release|Any CPU = Release|Any CPU
	EndGlobalSection
	GlobalSection(ProjectConfigurationPlatforms) = postSolution
		{E1116A6F-2A18-4ACD-8F7A-58216A594374}.Debug|Any CPU.ActiveCfg = Debug|Any CPU
		{E1116A6F-2A18-4ACD-8F7A-58216A594374}.Debug|Any CPU.Build.0 = Debug|Any CPU
		{E1116A6F-2A18-4ACD-8F7A-58216A594374}.Release|Any CPU.ActiveCfg = Release|Any CPU
		{E1116A6F-2A18-4ACD-8F7A-58216A594374}.Release|Any CPU.Build.0 = Release|Any CPU
		{93D0AD51-82EC-4645-A43D-82E541D29D29}.Debug|Any CPU.ActiveCfg = Debug|Any CPU
		{93D0AD51-82EC-4645-A43D-82E541D29D29}.Debug|Any CPU.Build.0 = Debug|Any CPU
		{93D0AD51-82EC-4645-A43D-82E541D29D29}.Debug|Any CPU.Deploy.0 = Debug|Any CPU
		{93D0AD51-82EC-4645-A43D-82E541D29D29}.Release|Any CPU.ActiveCfg = Release|Any CPU
		{93D0AD51-82EC-4645-A43D-82E541D29D29}.Release|Any CPU.Build.0 = Release|Any CPU
		{93D0AD51-82EC-4645-A43D-82E541D29D29}.Release|Any CPU.Deploy.0 = Release|Any CPU
	EndGlobalSection
	GlobalSection(SolutionProperties) = preSolution
		HideSolutionNode = FALSE
	EndGlobalSection
	GlobalSection(ExtensibilityGlobals) = postSolution
		SolutionGuid = {C9951817-1DE2-4362-A1AC-21C58A45F368}
	EndGlobalSection
EndGlobal
